
Microsoft Visual Studio Solution File, Format Version 12.00
# Visual Studio Version 17
VisualStudioVersion = 17.5.002.0
MinimumVisualStudioVersion = 10.0.40219.1
Project("{9A19103F-16F7-4668-BE54-9A1E7A4F7556}") = "Repo-DIO-trilha-net-poo-desafio", "Repo-DIO-trilha-net-poo-desafio.csproj", "{4D6CDABB-2B3E-4CF8-AF8D-9A6A52DE3D0E}"
EndProject
Global
	GlobalSection(SolutionConfigurationPlatforms) = preSolution
		Debug|Any CPU = Debug|Any CPU
		Release|Any CPU = Release|Any CPU
	EndGlobalSection
	GlobalSection(ProjectConfigurationPlatforms) = postSolution
		{4D6CDABB-2B3E-4CF8-AF8D-9A6A52DE3D0E}.Debug|Any CPU.ActiveCfg = Debug|Any CPU
		{4D6CDABB-2B3E-4CF8-AF8D-9A6A52DE3D0E}.Debug|Any CPU.Build.0 = Debug|Any CPU
		{4D6CDABB-2B3E-4CF8-AF8D-9A6A52DE3D0E}.Release|Any CPU.ActiveCfg = Release|Any CPU
		{4D6CDABB-2B3E-4CF8-AF8D-9A6A52DE3D0E}.Release|Any CPU.Build.0 = Release|Any CPU
	EndGlobalSection
	GlobalSection(SolutionProperties) = preSolution
		HideSolutionNode = FALSE
	EndGlobalSection
	GlobalSection(ExtensibilityGlobals) = postSolution
		SolutionGuid = {E8130D26-EF8C-431A-B68E-4A7E42B1922F}
	EndGlobalSection
EndGlobal
